
Microsoft Visual Studio Solution File, Format Version 12.00
# Visual Studio Version 16
VisualStudioVersion = 16.0.31624.102
MinimumVisualStudioVersion = 10.0.40219.1
Project("{FAE04EC0-301F-11D3-BF4B-00C04F79EFBC}") = "QLTA", "QLTA.csproj", "{04EE3A67-9010-4690-A084-30549BB93C2A}"
EndProject
Project("{FAE04EC0-301F-11D3-BF4B-00C04F79EFBC}") = "TestMQTT", "..\TestMQTT\TestMQTT.csproj", "{DC910A5B-43D5-45AF-B470-B54B7D642FF9}"
EndProject
Global
	GlobalSection(SolutionConfigurationPlatforms) = preSolution
		Debug|Any CPU = Debug|Any CPU
		Release|Any CPU = Release|Any CPU
	EndGlobalSection
	GlobalSection(ProjectConfigurationPlatforms) = postSolution
		{04EE3A67-9010-4690-A084-30549BB93C2A}.Debug|Any CPU.ActiveCfg = Debug|Any CPU
		{04EE3A67-9010-4690-A084-30549BB93C2A}.Debug|Any CPU.Build.0 = Debug|Any CPU
		{04EE3A67-9010-4690-A084-30549BB93C2A}.Release|Any CPU.ActiveCfg = Release|Any CPU
		{04EE3A67-9010-4690-A084-30549BB93C2A}.Release|Any CPU.Build.0 = Release|Any CPU
		{DC910A5B-43D5-45AF-B470-B54B7D642FF9}.Debug|Any CPU.ActiveCfg = Debug|Any CPU
		{DC910A5B-43D5-45AF-B470-B54B7D642FF9}.Debug|Any CPU.Build.0 = Debug|Any CPU
		{DC910A5B-43D5-45AF-B470-B54B7D642FF9}.Release|Any CPU.ActiveCfg = Release|Any CPU
		{DC910A5B-43D5-45AF-B470-B54B7D642FF9}.Release|Any CPU.Build.0 = Release|Any CPU
	EndGlobalSection
	GlobalSection(SolutionProperties) = preSolution
		HideSolutionNode = FALSE
	EndGlobalSection
	GlobalSection(ExtensibilityGlobals) = postSolution
		SolutionGuid = {0843A00F-0653-4046-929F-15D8D7F55635}
	EndGlobalSection
EndGlobal
